
Microsoft Visual Studio Solution File, Format Version 12.00
# Visual Studio Version 16
VisualStudioVersion = 16.0.31829.152
MinimumVisualStudioVersion = 10.0.40219.1
Project("{FAE04EC0-301F-11D3-BF4B-00C04F79EFBC}") = "DoAn_QuanLyBanHang", "DoAn_QuanLyBanHang\DoAn_QuanLyBanHang.csproj", "{8C1B6921-9D72-41F0-8B25-C7EFE66D55C2}"
EndProject
Global
	GlobalSection(SolutionConfigurationPlatforms) = preSolution
		Debug|Any CPU = Debug|Any CPU
		Release|Any CPU = Release|Any CPU
	EndGlobalSection
	GlobalSection(ProjectConfigurationPlatforms) = postSolution
		{8C1B6921-9D72-41F0-8B25-C7EFE66D55C2}.Debug|Any CPU.ActiveCfg = Debug|Any CPU
		{8C1B6921-9D72-41F0-8B25-C7EFE66D55C2}.Debug|Any CPU.Build.0 = Debug|Any CPU
		{8C1B6921-9D72-41F0-8B25-C7EFE66D55C2}.Release|Any CPU.ActiveCfg = Release|Any CPU
		{8C1B6921-9D72-41F0-8B25-C7EFE66D55C2}.Release|Any CPU.Build.0 = Release|Any CPU
	EndGlobalSection
	GlobalSection(SolutionProperties) = preSolution
		HideSolutionNode = FALSE
	EndGlobalSection
	GlobalSection(ExtensibilityGlobals) = postSolution
		SolutionGuid = {415E8772-EAFC-4577-9F79-3407FF2C483F}
	EndGlobalSection
EndGlobal
